
Microsoft Visual Studio Solution File, Format Version 12.00
# Visual Studio 15
VisualStudioVersion = 15.0.28010.2050
MinimumVisualStudioVersion = 10.0.40219.1
Project("{8BC9CEB8-8B4A-11D0-8D11-00A0C91BC942}") = "Raytracer", "Raytracer\Raytracer.vcxproj", "{73A4A35E-D787-4CC5-B2FF-99CAD7304E4C}"
EndProject
Project("{8BC9CEB8-8B4A-11D0-8D11-00A0C91BC942}") = "RaytracerTest", "RaytracerTest\RaytracerTest.vcxproj", "{35150B1D-B19D-475F-A21D-F5DA35132540}"
EndProject
Global
	GlobalSection(SolutionConfigurationPlatforms) = preSolution
		Debug|x64 = Debug|x64
		Debug|x86 = Debug|x86
		Release|x64 = Release|x64
		Release|x86 = Release|x86
	EndGlobalSection
	GlobalSection(ProjectConfigurationPlatforms) = postSolution
		{73A4A35E-D787-4CC5-B2FF-99CAD7304E4C}.Debug|x64.ActiveCfg = Debug|x64
		{73A4A35E-D787-4CC5-B2FF-99CAD7304E4C}.Debug|x64.Build.0 = Debug|x64
		{73A4A35E-D787-4CC5-B2FF-99CAD7304E4C}.Debug|x86.ActiveCfg = Debug|Win32
		{73A4A35E-D787-4CC5-B2FF-99CAD7304E4C}.Debug|x86.Build.0 = Debug|Win32
		{73A4A35E-D787-4CC5-B2FF-99CAD7304E4C}.Release|x64.ActiveCfg = Release|x64
		{73A4A35E-D787-4CC5-B2FF-99CAD7304E4C}.Release|x64.Build.0 = Release|x64
		{73A4A35E-D787-4CC5-B2FF-99CAD7304E4C}.Release|x86.ActiveCfg = Release|Win32
		{73A4A35E-D787-4CC5-B2FF-99CAD7304E4C}.Release|x86.Build.0 = Release|Win32
		{35150B1D-B19D-475F-A21D-F5DA35132540}.Debug|x64.ActiveCfg = Debug|x64
		{35150B1D-B19D-475F-A21D-F5DA35132540}.Debug|x64.Build.0 = Debug|x64
		{35150B1D-B19D-475F-A21D-F5DA35132540}.Debug|x86.ActiveCfg = Debug|Win32
		{35150B1D-B19D-475F-A21D-F5DA35132540}.Debug|x86.Build.0 = Debug|Win32
		{35150B1D-B19D-475F-A21D-F5DA35132540}.Release|x64.ActiveCfg = Release|x64
		{35150B1D-B19D-475F-A21D-F5DA35132540}.Release|x64.Build.0 = Release|x64
		{35150B1D-B19D-475F-A21D-F5DA35132540}.Release|x86.ActiveCfg = Release|Win32
		{35150B1D-B19D-475F-A21D-F5DA35132540}.Release|x86.Build.0 = Release|Win32
	EndGlobalSection
	GlobalSection(SolutionProperties) = preSolution
		HideSolutionNode = FALSE
	EndGlobalSection
	GlobalSection(ExtensibilityGlobals) = postSolution
		SolutionGuid = {86E54E98-C1D8-4E12-8FAE-EAC89F65FC5D}
	EndGlobalSection
EndGlobal
